
Microsoft Visual Studio Solution File, Format Version 11.00
# Visual Studio 2010
Project("{8BC9CEB8-8B4A-11D0-8D11-00A0C91BC942}") = "libsaebase", "libsaebase\libsaebase.vcxproj", "{A9864D42-90C7-44E1-8EDF-D348E311C9B8}"
EndProject
Project("{8BC9CEB8-8B4A-11D0-8D11-00A0C91BC942}") = "glogTest", "glogTest\glogTest.vcxproj", "{595EADAE-2426-4F98-AE36-B7563DBEB003}"
EndProject
Project("{8BC9CEB8-8B4A-11D0-8D11-00A0C91BC942}") = "xsemaTest", "xsemaTest\xsemaTest.vcxproj", "{8866A747-75AC-4796-BB05-0274B9A4CBBE}"
EndProject
Project("{8BC9CEB8-8B4A-11D0-8D11-00A0C91BC942}") = "ThreadpoolTest", "ThreadpoolTest\ThreadpoolTest.vcxproj", "{4DF64594-19FD-4AEA-B6A1-4DE5CEE104BA}"
EndProject
Global
	GlobalSection(SolutionConfigurationPlatforms) = preSolution
		Debug|Win32 = Debug|Win32
		Release|Win32 = Release|Win32
	EndGlobalSection
	GlobalSection(ProjectConfigurationPlatforms) = postSolution
		{A9864D42-90C7-44E1-8EDF-D348E311C9B8}.Debug|Win32.ActiveCfg = Debug|Win32
		{A9864D42-90C7-44E1-8EDF-D348E311C9B8}.Debug|Win32.Build.0 = Debug|Win32
		{A9864D42-90C7-44E1-8EDF-D348E311C9B8}.Release|Win32.ActiveCfg = Release|Win32
		{A9864D42-90C7-44E1-8EDF-D348E311C9B8}.Release|Win32.Build.0 = Release|Win32
		{595EADAE-2426-4F98-AE36-B7563DBEB003}.Debug|Win32.ActiveCfg = Debug|Win32
		{595EADAE-2426-4F98-AE36-B7563DBEB003}.Debug|Win32.Build.0 = Debug|Win32
		{595EADAE-2426-4F98-AE36-B7563DBEB003}.Release|Win32.ActiveCfg = Release|Win32
		{595EADAE-2426-4F98-AE36-B7563DBEB003}.Release|Win32.Build.0 = Release|Win32
		{8866A747-75AC-4796-BB05-0274B9A4CBBE}.Debug|Win32.ActiveCfg = Debug|Win32
		{8866A747-75AC-4796-BB05-0274B9A4CBBE}.Debug|Win32.Build.0 = Debug|Win32
		{8866A747-75AC-4796-BB05-0274B9A4CBBE}.Release|Win32.ActiveCfg = Release|Win32
		{8866A747-75AC-4796-BB05-0274B9A4CBBE}.Release|Win32.Build.0 = Release|Win32
		{4DF64594-19FD-4AEA-B6A1-4DE5CEE104BA}.Debug|Win32.ActiveCfg = Debug|Win32
		{4DF64594-19FD-4AEA-B6A1-4DE5CEE104BA}.Debug|Win32.Build.0 = Debug|Win32
		{4DF64594-19FD-4AEA-B6A1-4DE5CEE104BA}.Release|Win32.ActiveCfg = Release|Win32
		{4DF64594-19FD-4AEA-B6A1-4DE5CEE104BA}.Release|Win32.Build.0 = Release|Win32
	EndGlobalSection
	GlobalSection(SolutionProperties) = preSolution
		HideSolutionNode = FALSE
	EndGlobalSection
EndGlobal
