
Microsoft Visual Studio Solution File, Format Version 11.00
# Visual Studio 2010
Project("{8BC9CEB8-8B4A-11D0-8D11-00A0C91BC942}") = "libsaebase", "libsaebase\libsaebase.vcxproj", "{A9864D42-90C7-44E1-8EDF-D348E311C9B8}"
EndProject
Project("{8BC9CEB8-8B4A-11D0-8D11-00A0C91BC942}") = "glogTest", "glogTest\glogTest.vcxproj", "{595EADAE-2426-4F98-AE36-B7563DBEB003}"
EndProject
Project("{8BC9CEB8-8B4A-11D0-8D11-00A0C91BC942}") = "xsemaTest", "xsemaTest\xsemaTest.vcxproj", "{8866A747-75AC-4796-BB05-0274B9A4CBBE}"
EndProject
Project("{8BC9CEB8-8B4A-11D0-8D11-00A0C91BC942}") = "ThreadpoolTest", "ThreadpoolTest\ThreadpoolTest.vcxproj", "{4DF64594-19FD-4AEA-B6A1-4DE5CEE104BA}"
EndProject
Project("{8BC9CEB8-8B4A-11D0-8D11-00A0C91BC942}") = "tcpclient", "tcpclient\tcpclient.vcxproj", "{5DCF9F45-5B77-4ADD-B295-C9D35F1F6233}"
EndProject
Project("{8BC9CEB8-8B4A-11D0-8D11-00A0C91BC942}") = "tcpserver", "tcpserver\tcpserver.vcxproj", "{90A614DD-E6E6-4269-B452-BBEFF1356E92}"
EndProject
Project("{8BC9CEB8-8B4A-11D0-8D11-00A0C91BC942}") = "libseabase", "libseabase\libseabase.vcxproj", "{83F73635-452B-49FC-8859-34E26479567A}"
EndProject
Project("{8BC9CEB8-8B4A-11D0-8D11-00A0C91BC942}") = "ontimetest", "ontimetest\ontimetest.vcxproj", "{5F1E907D-F29B-45DE-854C-64327AB40D09}"
EndProject
Project("{8BC9CEB8-8B4A-11D0-8D11-00A0C91BC942}") = "pcredll", "pcredll\pcredll.vcxproj", "{AF1A7384-151A-4275-B1E6-7365432E6952}"
EndProject
Project("{8BC9CEB8-8B4A-11D0-8D11-00A0C91BC942}") = "openssltest", "openssltest\openssltest.vcxproj", "{AFBB9BE0-4CFE-49DA-85EC-BC43FDD9AFFE}"
EndProject
Project("{8BC9CEB8-8B4A-11D0-8D11-00A0C91BC942}") = "sqliteText", "sqliteText\sqliteText.vcxproj", "{00145570-EE1A-45AD-A83C-C8A452FD4E4D}"
EndProject
Project("{8BC9CEB8-8B4A-11D0-8D11-00A0C91BC942}") = "redistest", "redistest\redistest.vcxproj", "{CA0F9833-9890-4075-A856-CDDBBF904C13}"
EndProject
Project("{8BC9CEB8-8B4A-11D0-8D11-00A0C91BC942}") = "pcretest", "pcretest\pcretest.vcxproj", "{29633705-AE89-46A0-89E3-13CBDCFD8BE2}"
EndProject
Project("{8BC9CEB8-8B4A-11D0-8D11-00A0C91BC942}") = "pugixmltest", "pugixmltest\pugixmltest.vcxproj", "{7735B1C2-49D7-4CFB-8F43-D3A924442333}"
EndProject
Project("{8BC9CEB8-8B4A-11D0-8D11-00A0C91BC942}") = "curltest", "curltest\curltest.vcxproj", "{8971A15D-0C27-418E-9E69-46F9326D12B7}"
EndProject
Project("{8BC9CEB8-8B4A-11D0-8D11-00A0C91BC942}") = "qrtest", "qrtest\qrtest.vcxproj", "{6D5BB5F6-251D-4B96-B3FF-2907CFAA999B}"
EndProject
Project("{8BC9CEB8-8B4A-11D0-8D11-00A0C91BC942}") = "dlltest", "dlltest\dlltest.vcxproj", "{3A0E8FB5-BFCB-4F10-9DCB-E345E8D5EDBA}"
EndProject
Project("{8BC9CEB8-8B4A-11D0-8D11-00A0C91BC942}") = "charswitch", "charswitch\charswitch.vcxproj", "{6EF9452F-FE72-47BD-9C9B-122D5B015256}"
EndProject
Global
	GlobalSection(SolutionConfigurationPlatforms) = preSolution
		Debug|Win32 = Debug|Win32
		Debug|x64 = Debug|x64
		Release|Win32 = Release|Win32
		Release|x64 = Release|x64
	EndGlobalSection
	GlobalSection(ProjectConfigurationPlatforms) = postSolution
		{A9864D42-90C7-44E1-8EDF-D348E311C9B8}.Debug|Win32.ActiveCfg = Debug|Win32
		{A9864D42-90C7-44E1-8EDF-D348E311C9B8}.Debug|Win32.Build.0 = Debug|Win32
		{A9864D42-90C7-44E1-8EDF-D348E311C9B8}.Debug|x64.ActiveCfg = Debug|x64
		{A9864D42-90C7-44E1-8EDF-D348E311C9B8}.Debug|x64.Build.0 = Debug|x64
		{A9864D42-90C7-44E1-8EDF-D348E311C9B8}.Release|Win32.ActiveCfg = Release|Win32
		{A9864D42-90C7-44E1-8EDF-D348E311C9B8}.Release|Win32.Build.0 = Release|Win32
		{A9864D42-90C7-44E1-8EDF-D348E311C9B8}.Release|x64.ActiveCfg = Release|x64
		{A9864D42-90C7-44E1-8EDF-D348E311C9B8}.Release|x64.Build.0 = Release|x64
		{595EADAE-2426-4F98-AE36-B7563DBEB003}.Debug|Win32.ActiveCfg = Debug|Win32
		{595EADAE-2426-4F98-AE36-B7563DBEB003}.Debug|Win32.Build.0 = Debug|Win32
		{595EADAE-2426-4F98-AE36-B7563DBEB003}.Debug|x64.ActiveCfg = Debug|x64
		{595EADAE-2426-4F98-AE36-B7563DBEB003}.Debug|x64.Build.0 = Debug|x64
		{595EADAE-2426-4F98-AE36-B7563DBEB003}.Release|Win32.ActiveCfg = Release|Win32
		{595EADAE-2426-4F98-AE36-B7563DBEB003}.Release|Win32.Build.0 = Release|Win32
		{595EADAE-2426-4F98-AE36-B7563DBEB003}.Release|x64.ActiveCfg = Release|x64
		{595EADAE-2426-4F98-AE36-B7563DBEB003}.Release|x64.Build.0 = Release|x64
		{8866A747-75AC-4796-BB05-0274B9A4CBBE}.Debug|Win32.ActiveCfg = Debug|Win32
		{8866A747-75AC-4796-BB05-0274B9A4CBBE}.Debug|Win32.Build.0 = Debug|Win32
		{8866A747-75AC-4796-BB05-0274B9A4CBBE}.Debug|x64.ActiveCfg = Debug|x64
		{8866A747-75AC-4796-BB05-0274B9A4CBBE}.Debug|x64.Build.0 = Debug|x64
		{8866A747-75AC-4796-BB05-0274B9A4CBBE}.Release|Win32.ActiveCfg = Release|Win32
		{8866A747-75AC-4796-BB05-0274B9A4CBBE}.Release|Win32.Build.0 = Release|Win32
		{8866A747-75AC-4796-BB05-0274B9A4CBBE}.Release|x64.ActiveCfg = Release|x64
		{8866A747-75AC-4796-BB05-0274B9A4CBBE}.Release|x64.Build.0 = Release|x64
		{4DF64594-19FD-4AEA-B6A1-4DE5CEE104BA}.Debug|Win32.ActiveCfg = Debug|Win32
		{4DF64594-19FD-4AEA-B6A1-4DE5CEE104BA}.Debug|Win32.Build.0 = Debug|Win32
		{4DF64594-19FD-4AEA-B6A1-4DE5CEE104BA}.Debug|x64.ActiveCfg = Debug|x64
		{4DF64594-19FD-4AEA-B6A1-4DE5CEE104BA}.Debug|x64.Build.0 = Debug|x64
		{4DF64594-19FD-4AEA-B6A1-4DE5CEE104BA}.Release|Win32.ActiveCfg = Release|Win32
		{4DF64594-19FD-4AEA-B6A1-4DE5CEE104BA}.Release|Win32.Build.0 = Release|Win32
		{4DF64594-19FD-4AEA-B6A1-4DE5CEE104BA}.Release|x64.ActiveCfg = Release|x64
		{4DF64594-19FD-4AEA-B6A1-4DE5CEE104BA}.Release|x64.Build.0 = Release|x64
		{5DCF9F45-5B77-4ADD-B295-C9D35F1F6233}.Debug|Win32.ActiveCfg = Debug|Win32
		{5DCF9F45-5B77-4ADD-B295-C9D35F1F6233}.Debug|Win32.Build.0 = Debug|Win32
		{5DCF9F45-5B77-4ADD-B295-C9D35F1F6233}.Debug|x64.ActiveCfg = Debug|x64
		{5DCF9F45-5B77-4ADD-B295-C9D35F1F6233}.Debug|x64.Build.0 = Debug|x64
		{5DCF9F45-5B77-4ADD-B295-C9D35F1F6233}.Release|Win32.ActiveCfg = Release|Win32
		{5DCF9F45-5B77-4ADD-B295-C9D35F1F6233}.Release|Win32.Build.0 = Release|Win32
		{5DCF9F45-5B77-4ADD-B295-C9D35F1F6233}.Release|x64.ActiveCfg = Release|x64
		{5DCF9F45-5B77-4ADD-B295-C9D35F1F6233}.Release|x64.Build.0 = Release|x64
		{90A614DD-E6E6-4269-B452-BBEFF1356E92}.Debug|Win32.ActiveCfg = Debug|Win32
		{90A614DD-E6E6-4269-B452-BBEFF1356E92}.Debug|Win32.Build.0 = Debug|Win32
		{90A614DD-E6E6-4269-B452-BBEFF1356E92}.Debug|x64.ActiveCfg = Debug|x64
		{90A614DD-E6E6-4269-B452-BBEFF1356E92}.Debug|x64.Build.0 = Debug|x64
		{90A614DD-E6E6-4269-B452-BBEFF1356E92}.Release|Win32.ActiveCfg = Release|Win32
		{90A614DD-E6E6-4269-B452-BBEFF1356E92}.Release|Win32.Build.0 = Release|Win32
		{90A614DD-E6E6-4269-B452-BBEFF1356E92}.Release|x64.ActiveCfg = Release|x64
		{90A614DD-E6E6-4269-B452-BBEFF1356E92}.Release|x64.Build.0 = Release|x64
		{83F73635-452B-49FC-8859-34E26479567A}.Debug|Win32.ActiveCfg = Debug|Win32
		{83F73635-452B-49FC-8859-34E26479567A}.Debug|Win32.Build.0 = Debug|Win32
		{83F73635-452B-49FC-8859-34E26479567A}.Debug|x64.ActiveCfg = Debug|x64
		{83F73635-452B-49FC-8859-34E26479567A}.Debug|x64.Build.0 = Debug|x64
		{83F73635-452B-49FC-8859-34E26479567A}.Release|Win32.ActiveCfg = Release|Win32
		{83F73635-452B-49FC-8859-34E26479567A}.Release|Win32.Build.0 = Release|Win32
		{83F73635-452B-49FC-8859-34E26479567A}.Release|x64.ActiveCfg = Release|x64
		{83F73635-452B-49FC-8859-34E26479567A}.Release|x64.Build.0 = Release|x64
		{5F1E907D-F29B-45DE-854C-64327AB40D09}.Debug|Win32.ActiveCfg = Debug|Win32
		{5F1E907D-F29B-45DE-854C-64327AB40D09}.Debug|Win32.Build.0 = Debug|Win32
		{5F1E907D-F29B-45DE-854C-64327AB40D09}.Debug|x64.ActiveCfg = Debug|Win32
		{5F1E907D-F29B-45DE-854C-64327AB40D09}.Release|Win32.ActiveCfg = Release|Win32
		{5F1E907D-F29B-45DE-854C-64327AB40D09}.Release|Win32.Build.0 = Release|Win32
		{5F1E907D-F29B-45DE-854C-64327AB40D09}.Release|x64.ActiveCfg = Release|Win32
		{AF1A7384-151A-4275-B1E6-7365432E6952}.Debug|Win32.ActiveCfg = Debug|Win32
		{AF1A7384-151A-4275-B1E6-7365432E6952}.Debug|Win32.Build.0 = Debug|Win32
		{AF1A7384-151A-4275-B1E6-7365432E6952}.Debug|x64.ActiveCfg = Debug|x64
		{AF1A7384-151A-4275-B1E6-7365432E6952}.Debug|x64.Build.0 = Debug|x64
		{AF1A7384-151A-4275-B1E6-7365432E6952}.Release|Win32.ActiveCfg = Release|Win32
		{AF1A7384-151A-4275-B1E6-7365432E6952}.Release|Win32.Build.0 = Release|Win32
		{AF1A7384-151A-4275-B1E6-7365432E6952}.Release|x64.ActiveCfg = Release|x64
		{AF1A7384-151A-4275-B1E6-7365432E6952}.Release|x64.Build.0 = Release|x64
		{AFBB9BE0-4CFE-49DA-85EC-BC43FDD9AFFE}.Debug|Win32.ActiveCfg = Debug|Win32
		{AFBB9BE0-4CFE-49DA-85EC-BC43FDD9AFFE}.Debug|Win32.Build.0 = Debug|Win32
		{AFBB9BE0-4CFE-49DA-85EC-BC43FDD9AFFE}.Debug|x64.ActiveCfg = Debug|x64
		{AFBB9BE0-4CFE-49DA-85EC-BC43FDD9AFFE}.Debug|x64.Build.0 = Debug|x64
		{AFBB9BE0-4CFE-49DA-85EC-BC43FDD9AFFE}.Release|Win32.ActiveCfg = Release|Win32
		{AFBB9BE0-4CFE-49DA-85EC-BC43FDD9AFFE}.Release|Win32.Build.0 = Release|Win32
		{AFBB9BE0-4CFE-49DA-85EC-BC43FDD9AFFE}.Release|x64.ActiveCfg = Release|x64
		{AFBB9BE0-4CFE-49DA-85EC-BC43FDD9AFFE}.Release|x64.Build.0 = Release|x64
		{00145570-EE1A-45AD-A83C-C8A452FD4E4D}.Debug|Win32.ActiveCfg = Debug|Win32
		{00145570-EE1A-45AD-A83C-C8A452FD4E4D}.Debug|Win32.Build.0 = Debug|Win32
		{00145570-EE1A-45AD-A83C-C8A452FD4E4D}.Debug|x64.ActiveCfg = Debug|Win32
		{00145570-EE1A-45AD-A83C-C8A452FD4E4D}.Release|Win32.ActiveCfg = Release|Win32
		{00145570-EE1A-45AD-A83C-C8A452FD4E4D}.Release|Win32.Build.0 = Release|Win32
		{00145570-EE1A-45AD-A83C-C8A452FD4E4D}.Release|x64.ActiveCfg = Release|Win32
		{CA0F9833-9890-4075-A856-CDDBBF904C13}.Debug|Win32.ActiveCfg = Debug|Win32
		{CA0F9833-9890-4075-A856-CDDBBF904C13}.Debug|Win32.Build.0 = Debug|Win32
		{CA0F9833-9890-4075-A856-CDDBBF904C13}.Debug|x64.ActiveCfg = Debug|Win32
		{CA0F9833-9890-4075-A856-CDDBBF904C13}.Release|Win32.ActiveCfg = Release|Win32
		{CA0F9833-9890-4075-A856-CDDBBF904C13}.Release|Win32.Build.0 = Release|Win32
		{CA0F9833-9890-4075-A856-CDDBBF904C13}.Release|x64.ActiveCfg = Release|Win32
		{29633705-AE89-46A0-89E3-13CBDCFD8BE2}.Debug|Win32.ActiveCfg = Debug|Win32
		{29633705-AE89-46A0-89E3-13CBDCFD8BE2}.Debug|Win32.Build.0 = Debug|Win32
		{29633705-AE89-46A0-89E3-13CBDCFD8BE2}.Debug|x64.ActiveCfg = Debug|Win32
		{29633705-AE89-46A0-89E3-13CBDCFD8BE2}.Release|Win32.ActiveCfg = Release|Win32
		{29633705-AE89-46A0-89E3-13CBDCFD8BE2}.Release|Win32.Build.0 = Release|Win32
		{29633705-AE89-46A0-89E3-13CBDCFD8BE2}.Release|x64.ActiveCfg = Release|Win32
		{7735B1C2-49D7-4CFB-8F43-D3A924442333}.Debug|Win32.ActiveCfg = Debug|Win32
		{7735B1C2-49D7-4CFB-8F43-D3A924442333}.Debug|Win32.Build.0 = Debug|Win32
		{7735B1C2-49D7-4CFB-8F43-D3A924442333}.Debug|x64.ActiveCfg = Debug|Win32
		{7735B1C2-49D7-4CFB-8F43-D3A924442333}.Release|Win32.ActiveCfg = Release|Win32
		{7735B1C2-49D7-4CFB-8F43-D3A924442333}.Release|Win32.Build.0 = Release|Win32
		{7735B1C2-49D7-4CFB-8F43-D3A924442333}.Release|x64.ActiveCfg = Release|Win32
		{8971A15D-0C27-418E-9E69-46F9326D12B7}.Debug|Win32.ActiveCfg = Debug|Win32
		{8971A15D-0C27-418E-9E69-46F9326D12B7}.Debug|Win32.Build.0 = Debug|Win32
		{8971A15D-0C27-418E-9E69-46F9326D12B7}.Debug|x64.ActiveCfg = Debug|Win32
		{8971A15D-0C27-418E-9E69-46F9326D12B7}.Release|Win32.ActiveCfg = Release|Win32
		{8971A15D-0C27-418E-9E69-46F9326D12B7}.Release|Win32.Build.0 = Release|Win32
		{8971A15D-0C27-418E-9E69-46F9326D12B7}.Release|x64.ActiveCfg = Release|Win32
		{6D5BB5F6-251D-4B96-B3FF-2907CFAA999B}.Debug|Win32.ActiveCfg = Debug|Win32
		{6D5BB5F6-251D-4B96-B3FF-2907CFAA999B}.Debug|Win32.Build.0 = Debug|Win32
		{6D5BB5F6-251D-4B96-B3FF-2907CFAA999B}.Debug|x64.ActiveCfg = Debug|Win32
		{6D5BB5F6-251D-4B96-B3FF-2907CFAA999B}.Release|Win32.ActiveCfg = Release|Win32
		{6D5BB5F6-251D-4B96-B3FF-2907CFAA999B}.Release|Win32.Build.0 = Release|Win32
		{6D5BB5F6-251D-4B96-B3FF-2907CFAA999B}.Release|x64.ActiveCfg = Release|Win32
		{3A0E8FB5-BFCB-4F10-9DCB-E345E8D5EDBA}.Debug|Win32.ActiveCfg = Debug|Win32
		{3A0E8FB5-BFCB-4F10-9DCB-E345E8D5EDBA}.Debug|Win32.Build.0 = Debug|Win32
		{3A0E8FB5-BFCB-4F10-9DCB-E345E8D5EDBA}.Debug|x64.ActiveCfg = Debug|Win32
		{3A0E8FB5-BFCB-4F10-9DCB-E345E8D5EDBA}.Release|Win32.ActiveCfg = Release|Win32
		{3A0E8FB5-BFCB-4F10-9DCB-E345E8D5EDBA}.Release|Win32.Build.0 = Release|Win32
		{3A0E8FB5-BFCB-4F10-9DCB-E345E8D5EDBA}.Release|x64.ActiveCfg = Release|Win32
		{6EF9452F-FE72-47BD-9C9B-122D5B015256}.Debug|Win32.ActiveCfg = Debug|Win32
		{6EF9452F-FE72-47BD-9C9B-122D5B015256}.Debug|Win32.Build.0 = Debug|Win32
		{6EF9452F-FE72-47BD-9C9B-122D5B015256}.Debug|x64.ActiveCfg = Debug|Win32
		{6EF9452F-FE72-47BD-9C9B-122D5B015256}.Release|Win32.ActiveCfg = Release|Win32
		{6EF9452F-FE72-47BD-9C9B-122D5B015256}.Release|Win32.Build.0 = Release|Win32
		{6EF9452F-FE72-47BD-9C9B-122D5B015256}.Release|x64.ActiveCfg = Release|Win32
	EndGlobalSection
	GlobalSection(SolutionProperties) = preSolution
		HideSolutionNode = FALSE
	EndGlobalSection
EndGlobal
