<?xml version="1.0" encoding="utf-8"?>
<Project ToolsVersion="4.0" xmlns="http://schemas.microsoft.com/developer/msbuild/2003">
  <ItemGroup>
    <Filter Include="源文件">
      <UniqueIdentifier>{4FC737F1-C7A5-4376-A066-2A32D752A2FF}</UniqueIdentifier>
      <Extensions>cpp;c;cc;cxx;def;odl;idl;hpj;bat;asm;asmx</Extensions>
    </Filter>
    <Filter Include="头文件">
      <UniqueIdentifier>{93995380-89BD-4b04-88EB-625FBE52EBFB}</UniqueIdentifier>
      <Extensions>h;hpp;hxx;hm;inl;inc;xsd</Extensions>
    </Filter>
    <Filter Include="资源文件">
      <UniqueIdentifier>{67DA6AB6-F800-4c08-8B7A-83BB121AAD01}</UniqueIdentifier>
      <Extensions>rc;ico;cur;bmp;dlg;rc2;rct;bin;rgs;gif;jpg;jpeg;jpe;resx;tiff;tif;png;wav;mfcribbon-ms</Extensions>
    </Filter>
  </ItemGroup>
  <ItemGroup>
    <ClInclude Include="..\..\base\include\basesock.h">
      <Filter>头文件</Filter>
    </ClInclude>
    <ClInclude Include="..\..\base\include\timebase.h">
      <Filter>头文件</Filter>
    </ClInclude>
    <ClInclude Include="..\..\base\include\xAtomicInt32.h">
      <Filter>头文件</Filter>
    </ClInclude>
    <ClInclude Include="..\..\base\include\xAutoLock.h">
      <Filter>头文件</Filter>
    </ClInclude>
    <ClInclude Include="..\..\base\include\xbaseclass.h">
      <Filter>头文件</Filter>
    </ClInclude>
    <ClInclude Include="..\..\base\include\xDemultiplexerSelect.h">
      <Filter>头文件</Filter>
    </ClInclude>
    <ClInclude Include="..\..\base\include\xEmutex.h">
      <Filter>头文件</Filter>
    </ClInclude>
    <ClInclude Include="..\..\base\include\xEtcpclient.h">
      <Filter>头文件</Filter>
    </ClInclude>
    <ClInclude Include="..\..\base\include\xEtcpserver.h">
      <Filter>头文件</Filter>
    </ClInclude>
    <ClInclude Include="..\..\base\include\xEventDemultiplexer.h">
      <Filter>头文件</Filter>
    </ClInclude>
    <ClInclude Include="..\..\base\include\xNetdata.h">
      <Filter>头文件</Filter>
    </ClInclude>
    <ClInclude Include="..\..\base\include\xOntimerBase.h">
      <Filter>头文件</Filter>
    </ClInclude>
    <ClInclude Include="..\..\base\include\xReactor.h">
      <Filter>头文件</Filter>
    </ClInclude>
    <ClInclude Include="..\..\base\include\xReactorwithThread.h">
      <Filter>头文件</Filter>
    </ClInclude>
    <ClInclude Include="..\..\base\include\xsema.h">
      <Filter>头文件</Filter>
    </ClInclude>
    <ClInclude Include="..\..\base\include\xsync_vector.h">
      <Filter>头文件</Filter>
    </ClInclude>
    <ClInclude Include="..\..\base\include\xTaskqueue.h">
      <Filter>头文件</Filter>
    </ClInclude>
    <ClInclude Include="..\..\base\include\xthreadbase.h">
      <Filter>头文件</Filter>
    </ClInclude>
    <ClInclude Include="..\..\base\include\xthreadPool.h">
      <Filter>头文件</Filter>
    </ClInclude>
    <ClInclude Include="..\..\base\include\xtimeheap.h">
      <Filter>头文件</Filter>
    </ClInclude>
    <ClInclude Include="..\..\base\include\xStringuil.h">
      <Filter>头文件</Filter>
    </ClInclude>
    <ClInclude Include="..\..\base\include\xTimeuil.h">
      <Filter>头文件</Filter>
    </ClInclude>
    <ClInclude Include="..\..\base\include\xEMsgqueue.h">
      <Filter>头文件</Filter>
    </ClInclude>
    <ClInclude Include="..\..\base\include\xEthreadpool.h">
      <Filter>头文件</Filter>
    </ClInclude>
    <ClInclude Include="..\..\base\include\xsmartPtr.h">
      <Filter>头文件</Filter>
    </ClInclude>
    <ClInclude Include="..\..\base\include\xsync_queue.h">
      <Filter>头文件</Filter>
    </ClInclude>
    <ClInclude Include="..\..\base\include\xEcharacterCode.h">
      <Filter>头文件</Filter>
    </ClInclude>
    <ClInclude Include="..\..\base\include\xEFile.h">
      <Filter>头文件</Filter>
    </ClInclude>
  </ItemGroup>
  <ItemGroup>
    <ClCompile Include="..\..\base\src\xDemultiplexerSelect.cpp">
      <Filter>源文件</Filter>
    </ClCompile>
    <ClCompile Include="..\..\base\src\xEmutex.cpp">
      <Filter>源文件</Filter>
    </ClCompile>
    <ClCompile Include="..\..\base\src\xEtcpclient.cpp">
      <Filter>源文件</Filter>
    </ClCompile>
    <ClCompile Include="..\..\base\src\xEtcpserver.cpp">
      <Filter>源文件</Filter>
    </ClCompile>
    <ClCompile Include="..\..\base\src\xEventDemultiplexer.cpp">
      <Filter>源文件</Filter>
    </ClCompile>
    <ClCompile Include="..\..\base\src\xReactor.cpp">
      <Filter>源文件</Filter>
    </ClCompile>
    <ClCompile Include="..\..\base\src\xsema.cpp">
      <Filter>源文件</Filter>
    </ClCompile>
    <ClCompile Include="..\..\base\src\xthreadbase.cpp">
      <Filter>源文件</Filter>
    </ClCompile>
    <ClCompile Include="..\..\base\src\xthreadPool.cpp">
      <Filter>源文件</Filter>
    </ClCompile>
    <ClCompile Include="..\..\base\src\xtimeheap.cpp">
      <Filter>源文件</Filter>
    </ClCompile>
    <ClCompile Include="..\..\base\src\xStringuil.cpp">
      <Filter>源文件</Filter>
    </ClCompile>
    <ClCompile Include="..\..\base\src\xTimeuil.cpp">
      <Filter>源文件</Filter>
    </ClCompile>
    <ClCompile Include="..\..\base\src\xEthreadpool.cpp">
      <Filter>源文件</Filter>
    </ClCompile>
    <ClCompile Include="..\..\base\src\xNetdata.cpp">
      <Filter>源文件</Filter>
    </ClCompile>
    <ClCompile Include="..\..\base\src\xEFile.cpp">
      <Filter>源文件</Filter>
    </ClCompile>
    <ClCompile Include="..\..\base\src\xEcharacterCode.cpp">
      <Filter>源文件</Filter>
    </ClCompile>
  </ItemGroup>
</Project>